
Microsoft Visual Studio Solution File, Format Version 12.00
# Visual Studio Version 17
VisualStudioVersion = 17.13.35825.156 d17.13
MinimumVisualStudioVersion = 10.0.40219.1
Project("{FAE04EC0-301F-11D3-BF4B-00C04F79EFBC}") = "CustomerManager.Api", "CustomerManager.Api\CustomerManager.Api.csproj", "{B7050B66-DE18-4241-A93E-1CE60BB328B9}"
EndProject
Project("{FAE04EC0-301F-11D3-BF4B-00C04F79EFBC}") = "CustomerManager.Repository", "CustomerManager.Repository\CustomerManager.Repository.csproj", "{4E29EB55-792D-4CBC-B0CB-9001D1C8D6E1}"
EndProject
Project("{FAE04EC0-301F-11D3-BF4B-00C04F79EFBC}") = "CustomerManager.Business", "CustomerManager.Business\CustomerManager.Business.csproj", "{5368599D-E9F1-45DB-ABE9-5ED8A2E8F65C}"
EndProject
Project("{FAE04EC0-301F-11D3-BF4B-00C04F79EFBC}") = "CustomerManager.Shared", "CustomerManager.Shared\CustomerManager.Shared.csproj", "{22529DCC-74A6-49BA-B82A-B3706EEBB6F2}"
EndProject
Project("{FAE04EC0-301F-11D3-BF4B-00C04F79EFBC}") = "CustomerManager.ClientHttp", "CustomerManager.ClientHttp\CustomerManager.ClientHttp.csproj", "{A3A85AC2-9D86-4DF8-BB59-5FE5FFC299A0}"
EndProject
Global
	GlobalSection(SolutionConfigurationPlatforms) = preSolution
		Debug|Any CPU = Debug|Any CPU
		Release|Any CPU = Release|Any CPU
	EndGlobalSection
	GlobalSection(ProjectConfigurationPlatforms) = postSolution
		{B7050B66-DE18-4241-A93E-1CE60BB328B9}.Debug|Any CPU.ActiveCfg = Debug|Any CPU
		{B7050B66-DE18-4241-A93E-1CE60BB328B9}.Debug|Any CPU.Build.0 = Debug|Any CPU
		{B7050B66-DE18-4241-A93E-1CE60BB328B9}.Release|Any CPU.ActiveCfg = Release|Any CPU
		{B7050B66-DE18-4241-A93E-1CE60BB328B9}.Release|Any CPU.Build.0 = Release|Any CPU
		{4E29EB55-792D-4CBC-B0CB-9001D1C8D6E1}.Debug|Any CPU.ActiveCfg = Debug|Any CPU
		{4E29EB55-792D-4CBC-B0CB-9001D1C8D6E1}.Debug|Any CPU.Build.0 = Debug|Any CPU
		{4E29EB55-792D-4CBC-B0CB-9001D1C8D6E1}.Release|Any CPU.ActiveCfg = Release|Any CPU
		{4E29EB55-792D-4CBC-B0CB-9001D1C8D6E1}.Release|Any CPU.Build.0 = Release|Any CPU
		{5368599D-E9F1-45DB-ABE9-5ED8A2E8F65C}.Debug|Any CPU.ActiveCfg = Debug|Any CPU
		{5368599D-E9F1-45DB-ABE9-5ED8A2E8F65C}.Debug|Any CPU.Build.0 = Debug|Any CPU
		{5368599D-E9F1-45DB-ABE9-5ED8A2E8F65C}.Release|Any CPU.ActiveCfg = Release|Any CPU
		{5368599D-E9F1-45DB-ABE9-5ED8A2E8F65C}.Release|Any CPU.Build.0 = Release|Any CPU
		{22529DCC-74A6-49BA-B82A-B3706EEBB6F2}.Debug|Any CPU.ActiveCfg = Debug|Any CPU
		{22529DCC-74A6-49BA-B82A-B3706EEBB6F2}.Debug|Any CPU.Build.0 = Debug|Any CPU
		{22529DCC-74A6-49BA-B82A-B3706EEBB6F2}.Release|Any CPU.ActiveCfg = Release|Any CPU
		{22529DCC-74A6-49BA-B82A-B3706EEBB6F2}.Release|Any CPU.Build.0 = Release|Any CPU
		{A3A85AC2-9D86-4DF8-BB59-5FE5FFC299A0}.Debug|Any CPU.ActiveCfg = Debug|Any CPU
		{A3A85AC2-9D86-4DF8-BB59-5FE5FFC299A0}.Debug|Any CPU.Build.0 = Debug|Any CPU
		{A3A85AC2-9D86-4DF8-BB59-5FE5FFC299A0}.Release|Any CPU.ActiveCfg = Release|Any CPU
		{A3A85AC2-9D86-4DF8-BB59-5FE5FFC299A0}.Release|Any CPU.Build.0 = Release|Any CPU
	EndGlobalSection
	GlobalSection(SolutionProperties) = preSolution
		HideSolutionNode = FALSE
	EndGlobalSection
	GlobalSection(ExtensibilityGlobals) = postSolution
		SolutionGuid = {26757A89-7DAA-4862-8A94-7C83E7A4B2A2}
	EndGlobalSection
EndGlobal
